
Microsoft Visual Studio Solution File, Format Version 12.00
# Visual Studio Version 16
VisualStudioVersion = 16.0.32228.343
MinimumVisualStudioVersion = 10.0.40219.1
Project("{FAE04EC0-301F-11D3-BF4B-00C04F79EFBC}") = "FirstWindows", "FirstWindows\FirstWindows.csproj", "{45FEF85E-081F-4F79-9084-E529ABA093AB}"
EndProject
Global
	GlobalSection(SolutionConfigurationPlatforms) = preSolution
		Debug|Any CPU = Debug|Any CPU
		Release|Any CPU = Release|Any CPU
	EndGlobalSection
	GlobalSection(ProjectConfigurationPlatforms) = postSolution
		{45FEF85E-081F-4F79-9084-E529ABA093AB}.Debug|Any CPU.ActiveCfg = Debug|Any CPU
		{45FEF85E-081F-4F79-9084-E529ABA093AB}.Debug|Any CPU.Build.0 = Debug|Any CPU
		{45FEF85E-081F-4F79-9084-E529ABA093AB}.Release|Any CPU.ActiveCfg = Release|Any CPU
		{45FEF85E-081F-4F79-9084-E529ABA093AB}.Release|Any CPU.Build.0 = Release|Any CPU
	EndGlobalSection
	GlobalSection(SolutionProperties) = preSolution
		HideSolutionNode = FALSE
	EndGlobalSection
	GlobalSection(ExtensibilityGlobals) = postSolution
		SolutionGuid = {74BE1E49-BE9A-4B9D-879F-8EEDAA65EEE8}
	EndGlobalSection
EndGlobal
